{
  "nodes": {
    "dms": {
      "inputs": {
        "nixpkgs": [
          "nixpkgs"
        ],
        "quickshell": "quickshell"
      },
      "locked": {
        "lastModified": 1768549586,
        "narHash": "sha256-gdlYQx8A7siSzGToPppKbDjnrwdMRJHuuDflWLXT9cg=",
        "owner": "AvengeMedia",
        "repo": "DankMaterialShell",
        "rev": "d6dacc29759c9591d4df9a6b11f08698520773ac",
        "type": "github"
      },
      "original": {
        "owner": "AvengeMedia",
        "repo": "DankMaterialShell",
        "type": "github"
      }
    },
    "home-manager": {
      "inputs": {
        "nixpkgs": [
          "nixpkgs"
        ]
      },
      "locked": {
        "lastModified": 1768707181,
        "narHash": "sha256-GdwFfnwdUgABFpc4sAmX7GYx8eQs6cEjOPo6nBJ0YaI=",
        "owner": "nix-community",
        "repo": "home-manager",
        "rev": "83bcb17377f0242376a327e742e9404e9a528647",
        "type": "github"
      },
      "original": {
        "owner": "nix-community",
        "repo": "home-manager",
        "type": "github"
      }
    },
    "nixpkgs": {
      "locked": {
        "lastModified": 1768305791,
        "narHash": "sha256-AIdl6WAn9aymeaH/NvBj0H9qM+XuAuYbGMZaP0zcXAQ=",
        "owner": "nixos",
        "repo": "nixpkgs",
        "rev": "1412caf7bf9e660f2f962917c14b1ea1c3bc695e",
        "type": "github"
      },
      "original": {
        "owner": "nixos",
        "ref": "nixos-unstable",
        "repo": "nixpkgs",
        "type": "github"
      }
    },
    "noctalia": {
      "inputs": {
        "nixpkgs": [
          "nixpkgs"
        ]
      },
      "locked": {
        "lastModified": 1768557860,
        "narHash": "sha256-BJCEFG5LJVHoP5vA/oZSJsoj0Pslwr36IlLzhQF777o=",
        "owner": "noctalia-dev",
        "repo": "noctalia-shell",
        "rev": "5a039a5488113cd5397618b07728c645651b4512",
        "type": "github"
      },
      "original": {
        "owner": "noctalia-dev",
        "repo": "noctalia-shell",
        "type": "github"
      }
    },
    "quickshell": {
      "inputs": {
        "nixpkgs": [
          "dms",
          "nixpkgs"
        ]
      },
      "locked": {
        "lastModified": 1766725085,
        "narHash": "sha256-O2aMFdDUYJazFrlwL7aSIHbUSEm3ADVZjmf41uBJfHs=",
        "ref": "refs/heads/master",
        "rev": "41828c4180fb921df7992a5405f5ff05d2ac2fff",
        "revCount": 715,
        "type": "git",
        "url": "https://git.outfoxxed.me/quickshell/quickshell"
      },
      "original": {
        "rev": "41828c4180fb921df7992a5405f5ff05d2ac2fff",
        "type": "git",
        "url": "https://git.outfoxxed.me/quickshell/quickshell"
      }
    },
    "quickshell_2": {
      "inputs": {
        "nixpkgs": [
          "nixpkgs"
        ]
      },
      "locked": {
        "lastModified": 1768549203,
        "narHash": "sha256-DxN7v8g8DO8gGJmgBJMo3fsSR3HEs+DFCXeKeHq61zA=",
        "owner": "quickshell-mirror",
        "repo": "quickshell",
        "rev": "d03c59768c680f052dff6e7a7918bbf990b0f743",
        "type": "github"
      },
      "original": {
        "owner": "quickshell-mirror",
        "repo": "quickshell",
        "type": "github"
      }
    },
    "root": {
      "inputs": {
        "dms": "dms",
        "home-manager": "home-manager",
        "nixpkgs": "nixpkgs",
        "noctalia": "noctalia",
        "quickshell": "quickshell_2"
      }
    }
  },
  "root": "root",
  "version": 7
}
